
Microsoft Visual Studio Solution File, Format Version 12.00
# Visual Studio Version 16
VisualStudioVersion = 16.0.31624.102
MinimumVisualStudioVersion = 10.0.40219.1
Project("{8BC9CEB8-8B4A-11D0-8D11-00A0C91BC942}") = "Project_1_Calculator_15022022", "Project_1_Calculator_15022022.vcxproj", "{C0D3934A-D207-467C-B695-F03AABD5ED03}"
EndProject
Global
	GlobalSection(SolutionConfigurationPlatforms) = preSolution
		Debug|x64 = Debug|x64
		Debug|x86 = Debug|x86
		Release|x64 = Release|x64
		Release|x86 = Release|x86
	EndGlobalSection
	GlobalSection(ProjectConfigurationPlatforms) = postSolution
		{C0D3934A-D207-467C-B695-F03AABD5ED03}.Debug|x64.ActiveCfg = Debug|x64
		{C0D3934A-D207-467C-B695-F03AABD5ED03}.Debug|x64.Build.0 = Debug|x64
		{C0D3934A-D207-467C-B695-F03AABD5ED03}.Debug|x86.ActiveCfg = Debug|Win32
		{C0D3934A-D207-467C-B695-F03AABD5ED03}.Debug|x86.Build.0 = Debug|Win32
		{C0D3934A-D207-467C-B695-F03AABD5ED03}.Release|x64.ActiveCfg = Release|x64
		{C0D3934A-D207-467C-B695-F03AABD5ED03}.Release|x64.Build.0 = Release|x64
		{C0D3934A-D207-467C-B695-F03AABD5ED03}.Release|x86.ActiveCfg = Release|Win32
		{C0D3934A-D207-467C-B695-F03AABD5ED03}.Release|x86.Build.0 = Release|Win32
	EndGlobalSection
	GlobalSection(SolutionProperties) = preSolution
		HideSolutionNode = FALSE
	EndGlobalSection
	GlobalSection(ExtensibilityGlobals) = postSolution
		SolutionGuid = {84244BD4-6074-4BD2-A653-6F367DC4A57D}
	EndGlobalSection
EndGlobal
